{
  "name": "my-project-name",
  "version": "1.0.0",
  "lockfileVersion": 2,
  "requires": true,
  "packages": {
    "": {
      "name": "my-project-name",
      "version": "1.0.0",
      "license": "ISC",
      "dependencies": {
        "express": "^4.15.0"
      }
    },
    "node_modules/accepts": {
      "version": "1.3.3",
      "resolved": "https://registry.npmjs.org",
      "integrity": "sha1-w+666HqW3wD/86p+Bve50oXjFq0=",
      "requires": {
        "mime-types": "~2.1.11",
        "negotiator": "0.6.1"
      }
    },
    "node_modules/express": {
      "version": "4.15.4",
      "resolved": "https://registry.npmjs.org/express/-/express-4.15.4.tgz",
      "integrity": "sha1-Ay4iU0ic+PzgJma+yj0R7XotrtE=",
      "dependencies": {
        "accepts": "1.3.3",
        "array-flatten": "1.1.1",
        "content-disposition": "0.5.2",
        "content-type": "1.0.2",
        // ... more dependencies
      }
    }
    // ... many more packages
  }
}
